<Solution>
  <Project Path="Livraria.Application/Livraria.Application.csproj" Id="da900cf4-cc89-4963-8a5a-2c04ebe24638" />
  <Project Path="Livraria.Brazor/Livraria.Brazor.csproj" Id="1a344008-840f-4ea9-8475-bfcee89056fa" />
  <Project Path="Livraria.CrossCutting/Livraria.CrossCutting.csproj" Id="8c966c1e-2c55-42df-97c8-b81343dcfb39" />
  <Project Path="Livraria.Domain/Livraria.Domain.csproj" Id="4f3c6940-271b-4999-89a2-d6fc9523c4e0" />
  <Project Path="Livraria.Infrastructure/Livraria.Infrastructure.csproj" Id="fef919f2-0aec-4fd4-a19b-6851368d1184" />
</Solution>
